# THIS IS AN AUTOGENERATED FILE. DO NOT EDIT THIS FILE DIRECTLY.
# yarn lockfile v1


"@ctrl/tinycolor@^3.4.0":
  version "3.4.0"
  resolved "https://registry.nlark.com/@ctrl/tinycolor/download/@ctrl/tinycolor-3.4.0.tgz#c3c5ae543c897caa9c2a68630bed355be5f9990f"
  integrity sha1-w8WuVDyJfKqcKmhjC+01W+X5mQ8=

"@element-plus/icons-vue@^0.2.6":
  version "0.2.6"
  resolved "https://registry.npmmirror.com/@element-plus/icons-vue/download/@element-plus/icons-vue-0.2.6.tgz#28e48aa4abd5b02638b41c1d95a6e7f96bb23308"
  integrity sha512-2gg7VCq4d2firgl7/aVym4Cx/wqKFwKybEQGJiiWJN4urW36+QdAEG1knqSD9qidbjhVp0Jnc9XdSTR1/4Whzw==

"@popperjs/core@^2.11.2":
  version "2.11.2"
  resolved "https://registry.npmmirror.com/@popperjs/core/download/@popperjs/core-2.11.2.tgz#830beaec4b4091a9e9398ac50f865ddea52186b9"
  integrity sha512-92FRmppjjqz29VMJ2dn+xdyXZBrMlE42AV6Kq6BwjWV7CNUW1hs2FtxSNLQE+gJhaZ6AAmYuO9y8dshhcBl7vA==

"@vueuse/core@^7.5.4":
  version "7.5.5"
  resolved "https://registry.npmmirror.com/@vueuse/core/download/@vueuse/core-7.5.5.tgz#c2f2a8783de0884acfb0be25e71ec3c6d1f9c42e"
  integrity sha512-RBDqmIoGfak4h3xdXa/Av+ibkb8NY044wEy6+PG2FAWNaID8/FkqmSFjbxogrbmpSX1yZ1PBHrM8DUp/FrIpbg==
  dependencies:
    "@vueuse/shared" "7.5.5"
    vue-demi "*"

"@vueuse/shared@7.5.5":
  version "7.5.5"
  resolved "https://registry.npmmirror.com/@vueuse/shared/download/@vueuse/shared-7.5.5.tgz#0e5c16b848b4a19e5b9ee9199a997e1f6dd39679"
  integrity sha512-mzzTsotHQRPnPAChy8iCv6ek/90CKYhAFyMRgNsMxpT0afZJkbMO/X0OaOu/1NuGbgb8UVjlsWKmCUgKTOF5hA==
  dependencies:
    vue-demi "*"

async-validator@^4.0.7:
  version "4.0.7"
  resolved "https://registry.npmmirror.com/async-validator/download/async-validator-4.0.7.tgz#034a0fd2103a6b2ebf010da75183bec299247afe"
  integrity sha1-A0oP0hA6ay6/AQ2nUYO+wpkkev4=

dayjs@^1.10.7:
  version "1.10.7"
  resolved "https://registry.npmmirror.com/dayjs/download/dayjs-1.10.7.tgz#2cf5f91add28116748440866a0a1d26f3a6ce468"
  integrity sha512-P6twpd70BcPK34K26uJ1KT3wlhpuOAPoMwJzpsIWUxHZ7wpmbdZL/hQqBDfz7hGurYSa5PhzdhDHtt319hL3ig==

element-plus@^1.3.0-beta.9:
  version "1.3.0-beta.9"
  resolved "https://registry.npmmirror.com/element-plus/download/element-plus-1.3.0-beta.9.tgz#eb182f30b56003b5b89b2174e6f78b603e246364"
  integrity sha512-h+I6VVtJNwjVkNhfhXp2oCYjgBN7kWQ2Y6nWzwc0wiphAlQDhGuBXAGj9eYpf1uOrMgIpFFwbRhvK7C6sOJsWg==
  dependencies:
    "@ctrl/tinycolor" "^3.4.0"
    "@element-plus/icons-vue" "^0.2.6"
    "@popperjs/core" "^2.11.2"
    "@vueuse/core" "^7.5.4"
    async-validator "^4.0.7"
    dayjs "^1.10.7"
    lodash "^4.17.21"
    memoize-one "^6.0.0"
    normalize-wheel-es "^1.1.1"

lodash@^4.17.21:
  version "4.17.21"
  resolved "https://registry.npmmirror.com/lodash/download/lodash-4.17.21.tgz#679591c564c3bffaae8454cf0b3df370c3d6911c"
  integrity sha512-v2kDEe57lecTulaDIuNTPy3Ry4gLGJ6Z1O3vE1krgXZNrsQ+LFTGHVxVjcXPs17LhbZVGedAJv8XZ1tvj5FvSg==

memoize-one@^6.0.0:
  version "6.0.0"
  resolved "https://registry.npmmirror.com/memoize-one/download/memoize-one-6.0.0.tgz#b2591b871ed82948aee4727dc6abceeeac8c1045"
  integrity sha1-slkbhx7YKUiu5HJ9xqvO7qyMEEU=

normalize-wheel-es@^1.1.1:
  version "1.1.1"
  resolved "https://registry.npmmirror.com/normalize-wheel-es/download/normalize-wheel-es-1.1.1.tgz#a8096db6a56f94332d884fd8ebeda88f2fc79569"
  integrity sha1-qAlttqVvlDMtiE/Y6+2ojy/HlWk=

vue-demi@*:
  version "0.12.1"
  resolved "https://registry.npmmirror.com/vue-demi/download/vue-demi-0.12.1.tgz#f7e18efbecffd11ab069d1472d7a06e319b4174c"
  integrity sha1-9+GO++z/0RqwadFHLXoG4xm0F0w=
